
Microsoft Visual Studio Solution File, Format Version 12.00
# Visual Studio 14
VisualStudioVersion = 14.0.23107.0
MinimumVisualStudioVersion = 10.0.40219.1
Project("{8BC9CEB8-8B4A-11D0-8D11-00A0C91BC942}") = "Longevity", "Longevity\Longevity.vcxproj", "{5552230D-AD16-4FCD-BF38-08F36C52C20C}"
EndProject
Global
	GlobalSection(SolutionConfigurationPlatforms) = preSolution
		Debug|x64 = Debug|x64
		Debug|x86 = Debug|x86
		Release|x64 = Release|x64
		Release|x86 = Release|x86
	EndGlobalSection
	GlobalSection(ProjectConfigurationPlatforms) = postSolution
		{5552230D-AD16-4FCD-BF38-08F36C52C20C}.Debug|x64.ActiveCfg = Debug|x64
		{5552230D-AD16-4FCD-BF38-08F36C52C20C}.Debug|x64.Build.0 = Debug|x64
		{5552230D-AD16-4FCD-BF38-08F36C52C20C}.Debug|x86.ActiveCfg = Debug|Win32
		{5552230D-AD16-4FCD-BF38-08F36C52C20C}.Debug|x86.Build.0 = Debug|Win32
		{5552230D-AD16-4FCD-BF38-08F36C52C20C}.Release|x64.ActiveCfg = Release|x64
		{5552230D-AD16-4FCD-BF38-08F36C52C20C}.Release|x64.Build.0 = Release|x64
		{5552230D-AD16-4FCD-BF38-08F36C52C20C}.Release|x86.ActiveCfg = Release|Win32
		{5552230D-AD16-4FCD-BF38-08F36C52C20C}.Release|x86.Build.0 = Release|Win32
	EndGlobalSection
	GlobalSection(SolutionProperties) = preSolution
		HideSolutionNode = FALSE
	EndGlobalSection
EndGlobal
